
Microsoft Visual Studio Solution File, Format Version 12.00
# Visual Studio Version 17
VisualStudioVersion = 17.9.34728.123
MinimumVisualStudioVersion = 10.0.40219.1
Project("{FAE04EC0-301F-11D3-BF4B-00C04F79EFBC}") = "Ejemplo011925597", "Ejemplo011925597.csproj", "{1D4CE401-05E7-486C-BA12-A81645ACE7F2}"
EndProject
Global
	GlobalSection(SolutionConfigurationPlatforms) = preSolution
		Debug|Any CPU = Debug|Any CPU
		Release|Any CPU = Release|Any CPU
	EndGlobalSection
	GlobalSection(ProjectConfigurationPlatforms) = postSolution
		{1D4CE401-05E7-486C-BA12-A81645ACE7F2}.Debug|Any CPU.ActiveCfg = Debug|Any CPU
		{1D4CE401-05E7-486C-BA12-A81645ACE7F2}.Debug|Any CPU.Build.0 = Debug|Any CPU
		{1D4CE401-05E7-486C-BA12-A81645ACE7F2}.Debug|Any CPU.Deploy.0 = Debug|Any CPU
		{1D4CE401-05E7-486C-BA12-A81645ACE7F2}.Release|Any CPU.ActiveCfg = Release|Any CPU
		{1D4CE401-05E7-486C-BA12-A81645ACE7F2}.Release|Any CPU.Build.0 = Release|Any CPU
		{1D4CE401-05E7-486C-BA12-A81645ACE7F2}.Release|Any CPU.Deploy.0 = Release|Any CPU
	EndGlobalSection
	GlobalSection(SolutionProperties) = preSolution
		HideSolutionNode = FALSE
	EndGlobalSection
	GlobalSection(ExtensibilityGlobals) = postSolution
		SolutionGuid = {226F5E48-70C1-42B3-A355-F277E4FA36B9}
	EndGlobalSection
EndGlobal
